
Microsoft Visual Studio Solution File, Format Version 12.00
# Visual Studio 15
VisualStudioVersion = 15.0.28307.102
MinimumVisualStudioVersion = 10.0.40219.1
Project("{FAE04EC0-301F-11D3-BF4B-00C04F79EFBC}") = "Collection", "Collection\Collection.csproj", "{BE8F22A1-E55B-4B87-BD76-F36E9EC47D8E}"
EndProject
Global
	GlobalSection(SolutionConfigurationPlatforms) = preSolution
		Debug|Any CPU = Debug|Any CPU
		Release|Any CPU = Release|Any CPU
	EndGlobalSection
	GlobalSection(ProjectConfigurationPlatforms) = postSolution
		{BE8F22A1-E55B-4B87-BD76-F36E9EC47D8E}.Debug|Any CPU.ActiveCfg = Debug|Any CPU
		{BE8F22A1-E55B-4B87-BD76-F36E9EC47D8E}.Debug|Any CPU.Build.0 = Debug|Any CPU
		{BE8F22A1-E55B-4B87-BD76-F36E9EC47D8E}.Release|Any CPU.ActiveCfg = Release|Any CPU
		{BE8F22A1-E55B-4B87-BD76-F36E9EC47D8E}.Release|Any CPU.Build.0 = Release|Any CPU
	EndGlobalSection
	GlobalSection(SolutionProperties) = preSolution
		HideSolutionNode = FALSE
	EndGlobalSection
	GlobalSection(ExtensibilityGlobals) = postSolution
		SolutionGuid = {96BB05BD-2306-4281-9F12-0753FB908AA1}
	EndGlobalSection
EndGlobal
